
Microsoft Visual Studio Solution File, Format Version 12.00
# Visual Studio Version 16
VisualStudioVersion = 16.0.30709.132
MinimumVisualStudioVersion = 10.0.40219.1
Project("{2150E333-8FDC-42A3-9474-1A3956D46DE8}") = "Microservices", "Microservices", "{1467B21C-BA81-42A6-9329-E90E6D336574}"
EndProject
Project("{2150E333-8FDC-42A3-9474-1A3956D46DE8}") = "Cabinet", "Cabinet", "{C71D1993-7AAD-4375-90DE-24567A3C6010}"
EndProject
Project("{2150E333-8FDC-42A3-9474-1A3956D46DE8}") = "DocumentRouting", "DocumentRouting", "{866FD729-54D2-40C6-8893-1FDEC649B3B8}"
EndProject
Project("{9A19103F-16F7-4668-BE54-9A1E7A4F7556}") = "Cabinet.API", "Microservices\Cabinet\Cabinet.API\Cabinet.API.csproj", "{D843ED51-7A40-48EB-8079-A003CC72065F}"
	ProjectSection(ProjectDependencies) = postProject
		{C17DDB6D-2927-40D1-9DB7-41AD1559F957} = {C17DDB6D-2927-40D1-9DB7-41AD1559F957}
	EndProjectSection
EndProject
Project("{9A19103F-16F7-4668-BE54-9A1E7A4F7556}") = "Routing.API", "Microservices\DocumentsRouting\Routing.API\Routing.API.csproj", "{704E2EA6-F0B7-4FBF-BBA6-B385D834A1D1}"
EndProject
Project("{9A19103F-16F7-4668-BE54-9A1E7A4F7556}") = "Cabinet.Storage", "Microservices\Cabinet\Cabinet.Storage\Cabinet.Storage.csproj", "{C17DDB6D-2927-40D1-9DB7-41AD1559F957}"
EndProject
Project("{9A19103F-16F7-4668-BE54-9A1E7A4F7556}") = "Cabinet.IntegrationTests", "Microservices\Cabinet\Tests\Cabinet.IntegrationTests\Cabinet.IntegrationTests.csproj", "{05353C67-9333-41C5-B9A3-C14F5F6B4E2B}"
	ProjectSection(ProjectDependencies) = postProject
		{D843ED51-7A40-48EB-8079-A003CC72065F} = {D843ED51-7A40-48EB-8079-A003CC72065F}
		{C17DDB6D-2927-40D1-9DB7-41AD1559F957} = {C17DDB6D-2927-40D1-9DB7-41AD1559F957}
	EndProjectSection
EndProject
Project("{2150E333-8FDC-42A3-9474-1A3956D46DE8}") = "Tests", "Tests", "{72720792-DE65-43DD-A524-64A8EF746CCE}"
EndProject
Project("{9A19103F-16F7-4668-BE54-9A1E7A4F7556}") = "Cabinet.UnitTests", "Microservices\Cabinet\Tests\Cabinet.UnitTests\Cabinet.UnitTests.csproj", "{03D367FE-3ACF-42C2-8175-1591A70E4506}"
	ProjectSection(ProjectDependencies) = postProject
		{D843ED51-7A40-48EB-8079-A003CC72065F} = {D843ED51-7A40-48EB-8079-A003CC72065F}
	EndProjectSection
EndProject
Project("{2150E333-8FDC-42A3-9474-1A3956D46DE8}") = "Web", "Web", "{6FE9D00B-FFEF-49C7-8CAE-BB1FADBBA49D}"
EndProject
Project("{FAE04EC0-301F-11D3-BF4B-00C04F79EFBC}") = "WebSPA", "Web\WebSPA\WebSPA.csproj", "{33072F79-FD8E-4414-97DC-651887E67D5B}"
EndProject
Project("{2150E333-8FDC-42A3-9474-1A3956D46DE8}") = "Gateways", "Gateways", "{63B70C0E-3806-4DC9-9314-C3C31343ED03}"
EndProject
Project("{2150E333-8FDC-42A3-9474-1A3956D46DE8}") = "Envoy", "Envoy", "{8B0D7259-E526-4219-83C2-EAF2620F8867}"
EndProject
Project("{FAE04EC0-301F-11D3-BF4B-00C04F79EFBC}") = "Web.HttpAggregator", "Gateways\Web.HttpAggregator\Web.HttpAggregator.csproj", "{DF3D53F1-AB33-41B9-B846-8C0BBE226AFA}"
EndProject
Global
	GlobalSection(SolutionConfigurationPlatforms) = preSolution
		Debug|Any CPU = Debug|Any CPU
		Release|Any CPU = Release|Any CPU
	EndGlobalSection
	GlobalSection(ProjectConfigurationPlatforms) = postSolution
		{D843ED51-7A40-48EB-8079-A003CC72065F}.Debug|Any CPU.ActiveCfg = Debug|Any CPU
		{D843ED51-7A40-48EB-8079-A003CC72065F}.Debug|Any CPU.Build.0 = Debug|Any CPU
		{D843ED51-7A40-48EB-8079-A003CC72065F}.Release|Any CPU.ActiveCfg = Release|Any CPU
		{D843ED51-7A40-48EB-8079-A003CC72065F}.Release|Any CPU.Build.0 = Release|Any CPU
		{704E2EA6-F0B7-4FBF-BBA6-B385D834A1D1}.Debug|Any CPU.ActiveCfg = Debug|Any CPU
		{704E2EA6-F0B7-4FBF-BBA6-B385D834A1D1}.Debug|Any CPU.Build.0 = Debug|Any CPU
		{704E2EA6-F0B7-4FBF-BBA6-B385D834A1D1}.Release|Any CPU.ActiveCfg = Release|Any CPU
		{704E2EA6-F0B7-4FBF-BBA6-B385D834A1D1}.Release|Any CPU.Build.0 = Release|Any CPU
		{C17DDB6D-2927-40D1-9DB7-41AD1559F957}.Debug|Any CPU.ActiveCfg = Debug|Any CPU
		{C17DDB6D-2927-40D1-9DB7-41AD1559F957}.Debug|Any CPU.Build.0 = Debug|Any CPU
		{C17DDB6D-2927-40D1-9DB7-41AD1559F957}.Release|Any CPU.ActiveCfg = Release|Any CPU
		{C17DDB6D-2927-40D1-9DB7-41AD1559F957}.Release|Any CPU.Build.0 = Release|Any CPU
		{05353C67-9333-41C5-B9A3-C14F5F6B4E2B}.Debug|Any CPU.ActiveCfg = Debug|Any CPU
		{05353C67-9333-41C5-B9A3-C14F5F6B4E2B}.Debug|Any CPU.Build.0 = Debug|Any CPU
		{05353C67-9333-41C5-B9A3-C14F5F6B4E2B}.Release|Any CPU.ActiveCfg = Release|Any CPU
		{05353C67-9333-41C5-B9A3-C14F5F6B4E2B}.Release|Any CPU.Build.0 = Release|Any CPU
		{03D367FE-3ACF-42C2-8175-1591A70E4506}.Debug|Any CPU.ActiveCfg = Debug|Any CPU
		{03D367FE-3ACF-42C2-8175-1591A70E4506}.Debug|Any CPU.Build.0 = Debug|Any CPU
		{03D367FE-3ACF-42C2-8175-1591A70E4506}.Release|Any CPU.ActiveCfg = Release|Any CPU
		{03D367FE-3ACF-42C2-8175-1591A70E4506}.Release|Any CPU.Build.0 = Release|Any CPU
		{33072F79-FD8E-4414-97DC-651887E67D5B}.Debug|Any CPU.ActiveCfg = Debug|Any CPU
		{33072F79-FD8E-4414-97DC-651887E67D5B}.Debug|Any CPU.Build.0 = Debug|Any CPU
		{33072F79-FD8E-4414-97DC-651887E67D5B}.Release|Any CPU.ActiveCfg = Release|Any CPU
		{33072F79-FD8E-4414-97DC-651887E67D5B}.Release|Any CPU.Build.0 = Release|Any CPU
		{DF3D53F1-AB33-41B9-B846-8C0BBE226AFA}.Debug|Any CPU.ActiveCfg = Debug|Any CPU
		{DF3D53F1-AB33-41B9-B846-8C0BBE226AFA}.Debug|Any CPU.Build.0 = Debug|Any CPU
		{DF3D53F1-AB33-41B9-B846-8C0BBE226AFA}.Release|Any CPU.ActiveCfg = Release|Any CPU
		{DF3D53F1-AB33-41B9-B846-8C0BBE226AFA}.Release|Any CPU.Build.0 = Release|Any CPU
	EndGlobalSection
	GlobalSection(SolutionProperties) = preSolution
		HideSolutionNode = FALSE
	EndGlobalSection
	GlobalSection(NestedProjects) = preSolution
		{C71D1993-7AAD-4375-90DE-24567A3C6010} = {1467B21C-BA81-42A6-9329-E90E6D336574}
		{866FD729-54D2-40C6-8893-1FDEC649B3B8} = {1467B21C-BA81-42A6-9329-E90E6D336574}
		{D843ED51-7A40-48EB-8079-A003CC72065F} = {C71D1993-7AAD-4375-90DE-24567A3C6010}
		{704E2EA6-F0B7-4FBF-BBA6-B385D834A1D1} = {866FD729-54D2-40C6-8893-1FDEC649B3B8}
		{C17DDB6D-2927-40D1-9DB7-41AD1559F957} = {C71D1993-7AAD-4375-90DE-24567A3C6010}
		{05353C67-9333-41C5-B9A3-C14F5F6B4E2B} = {72720792-DE65-43DD-A524-64A8EF746CCE}
		{72720792-DE65-43DD-A524-64A8EF746CCE} = {C71D1993-7AAD-4375-90DE-24567A3C6010}
		{03D367FE-3ACF-42C2-8175-1591A70E4506} = {72720792-DE65-43DD-A524-64A8EF746CCE}
		{33072F79-FD8E-4414-97DC-651887E67D5B} = {6FE9D00B-FFEF-49C7-8CAE-BB1FADBBA49D}
		{8B0D7259-E526-4219-83C2-EAF2620F8867} = {63B70C0E-3806-4DC9-9314-C3C31343ED03}
		{DF3D53F1-AB33-41B9-B846-8C0BBE226AFA} = {63B70C0E-3806-4DC9-9314-C3C31343ED03}
	EndGlobalSection
	GlobalSection(ExtensibilityGlobals) = postSolution
		SolutionGuid = {A12C5D31-38CB-4E78-993F-30C3FA09A790}
	EndGlobalSection
EndGlobal
