
Microsoft Visual Studio Solution File, Format Version 12.00
# Visual Studio Version 16
VisualStudioVersion = 16.0.30709.132
MinimumVisualStudioVersion = 10.0.40219.1
Project("{FAE04EC0-301F-11D3-BF4B-00C04F79EFBC}") = "Tabella", "Tabella\Tabella.csproj", "{FCD8CF23-2937-4B8C-A5C6-C183E8426A14}"
EndProject
Global
	GlobalSection(SolutionConfigurationPlatforms) = preSolution
		Debug|Any CPU = Debug|Any CPU
		Release|Any CPU = Release|Any CPU
	EndGlobalSection
	GlobalSection(ProjectConfigurationPlatforms) = postSolution
		{FCD8CF23-2937-4B8C-A5C6-C183E8426A14}.Debug|Any CPU.ActiveCfg = Debug|Any CPU
		{FCD8CF23-2937-4B8C-A5C6-C183E8426A14}.Debug|Any CPU.Build.0 = Debug|Any CPU
		{FCD8CF23-2937-4B8C-A5C6-C183E8426A14}.Release|Any CPU.ActiveCfg = Release|Any CPU
		{FCD8CF23-2937-4B8C-A5C6-C183E8426A14}.Release|Any CPU.Build.0 = Release|Any CPU
	EndGlobalSection
	GlobalSection(SolutionProperties) = preSolution
		HideSolutionNode = FALSE
	EndGlobalSection
	GlobalSection(ExtensibilityGlobals) = postSolution
		SolutionGuid = {A12C5D31-38CB-4E78-993F-30C3FA09A790}
	EndGlobalSection
EndGlobal
